// !$*UTF8*$!
{
	archiveVersion = 1;
	classes = {
	};
	objectVersion = 56;
	objects = {

/* Begin PBXBuildFile section */
		F2768B1C2C6ADEEE00179B04 /* PennySavedApp.swift in Sources */ = {isa = PBXBuildFile; fileRef = F2768B1B2C6ADEEE00179B04 /* PennySavedApp.swift */; };
		F2768B1E2C6ADEEE00179B04 /* Persistence.swift in Sources */ = {isa = PBXBuildFile; fileRef = F2768B1D2C6ADEEE00179B04 /* Persistence.swift */; };
		F2768B212C6ADEEE00179B04 /* PennySaved.xcdatamodeld in Sources */ = {isa = PBXBuildFile; fileRef = F2768B1F2C6ADEEE00179B04 /* PennySaved.xcdatamodeld */; };
		F2768B232C6ADEEE00179B04 /* ContentView.swift in Sources */ = {isa = PBXBuildFile; fileRef = F2768B222C6ADEEE00179B04 /* ContentView.swift */; };
		F2768B252C6ADEEF00179B04 /* Assets.xcassets in Resources */ = {isa = PBXBuildFile; fileRef = F2768B242C6ADEEF00179B04 /* Assets.xcassets */; };
		F2768B292C6ADEEF00179B04 /* Preview Assets.xcassets in Resources */ = {isa = PBXBuildFile; fileRef = F2768B282C6ADEEF00179B04 /* Preview Assets.xcassets */; };
		F2768B312C6AEF7700179B04 /* NewSavingView.swift in Sources */ = {isa = PBXBuildFile; fileRef = F2768B302C6AEF7700179B04 /* NewSavingView.swift */; };
		F2768B332C6AF98B00179B04 /* savingTransactionCellView.swift in Sources */ = {isa = PBXBuildFile; fileRef = F2768B322C6AF98B00179B04 /* savingTransactionCellView.swift */; };
		F2768B352C6B0A2600179B04 /* CalculatorView.swift in Sources */ = {isa = PBXBuildFile; fileRef = F2768B342C6B0A2600179B04 /* CalculatorView.swift */; };
		F2768B372C6B875400179B04 /* savigsListView.swift in Sources */ = {isa = PBXBuildFile; fileRef = F2768B362C6B875400179B04 /* savigsListView.swift */; };
		F2768B392C6B94C600179B04 /* CategoriesManager.swift in Sources */ = {isa = PBXBuildFile; fileRef = F2768B382C6B94C600179B04 /* CategoriesManager.swift */; };
		F2768B3B2C6B966000179B04 /* CategoriesView.swift in Sources */ = {isa = PBXBuildFile; fileRef = F2768B3A2C6B966000179B04 /* CategoriesView.swift */; };
		F2768B3F2C6F7D4000179B04 /* SearchBarView.swift in Sources */ = {isa = PBXBuildFile; fileRef = F2768B3E2C6F7D4000179B04 /* SearchBarView.swift */; };
		F2768B412C6F81FE00179B04 /* GoalCellView.swift in Sources */ = {isa = PBXBuildFile; fileRef = F2768B402C6F81FE00179B04 /* GoalCellView.swift */; };
		F2768B432C6F876D00179B04 /* NewGoalView.swift in Sources */ = {isa = PBXBuildFile; fileRef = F2768B422C6F876D00179B04 /* NewGoalView.swift */; };
		F2768B452C704A5900179B04 /* GoalsListView.swift in Sources */ = {isa = PBXBuildFile; fileRef = F2768B442C704A5900179B04 /* GoalsListView.swift */; };
		F2768B472C7051E400179B04 /* GoalsVm.swift in Sources */ = {isa = PBXBuildFile; fileRef = F2768B462C7051E400179B04 /* GoalsVm.swift */; };
		F2768B492C70D2E700179B04 /* SavingsVm.swift in Sources */ = {isa = PBXBuildFile; fileRef = F2768B482C70D2E700179B04 /* SavingsVm.swift */; };
		F2768B4B2C7ACC5400179B04 /* Launch Screen.storyboard in Resources */ = {isa = PBXBuildFile; fileRef = F2768B4A2C7ACC5400179B04 /* Launch Screen.storyboard */; };
/* End PBXBuildFile section */

/* Begin PBXFileReference section */
		F2768B182C6ADEEE00179B04 /* PennySaved.app */ = {isa = PBXFileReference; explicitFileType = wrapper.application; includeInIndex = 0; path = PennySaved.app; sourceTree = BUILT_PRODUCTS_DIR; };
		F2768B1B2C6ADEEE00179B04 /* PennySavedApp.swift */ = {isa = PBXFileReference; lastKnownFileType = sourcecode.swift; path = PennySavedApp.swift; sourceTree = "<group>"; };
		F2768B1D2C6ADEEE00179B04 /* Persistence.swift */ = {isa = PBXFileReference; lastKnownFileType = sourcecode.swift; path = Persistence.swift; sourceTree = "<group>"; };
		F2768B202C6ADEEE00179B04 /* PennySaved.xcdatamodel */ = {isa = PBXFileReference; lastKnownFileType = wrapper.xcdatamodel; path = PennySaved.xcdatamodel; sourceTree = "<group>"; };
		F2768B222C6ADEEE00179B04 /* ContentView.swift */ = {isa = PBXFileReference; lastKnownFileType = sourcecode.swift; path = ContentView.swift; sourceTree = "<group>"; };
		F2768B242C6ADEEF00179B04 /* Assets.xcassets */ = {isa = PBXFileReference; lastKnownFileType = folder.assetcatalog; path = Assets.xcassets; sourceTree = "<group>"; };
		F2768B262C6ADEEF00179B04 /* PennySaved.entitlements */ = {isa = PBXFileReference; lastKnownFileType = text.plist.entitlements; path = PennySaved.entitlements; sourceTree = "<group>"; };
		F2768B282C6ADEEF00179B04 /* Preview Assets.xcassets */ = {isa = PBXFileReference; lastKnownFileType = folder.assetcatalog; path = "Preview Assets.xcassets"; sourceTree = "<group>"; };
		F2768B2F2C6AEEEF00179B04 /* Info.plist */ = {isa = PBXFileReference; lastKnownFileType = text.plist; path = Info.plist; sourceTree = "<group>"; };
		F2768B302C6AEF7700179B04 /* NewSavingView.swift */ = {isa = PBXFileReference; lastKnownFileType = sourcecode.swift; path = NewSavingView.swift; sourceTree = "<group>"; };
		F2768B322C6AF98B00179B04 /* savingTransactionCellView.swift */ = {isa = PBXFileReference; lastKnownFileType = sourcecode.swift; path = savingTransactionCellView.swift; sourceTree = "<group>"; };
		F2768B342C6B0A2600179B04 /* CalculatorView.swift */ = {isa = PBXFileReference; lastKnownFileType = sourcecode.swift; path = CalculatorView.swift; sourceTree = "<group>"; };
		F2768B362C6B875400179B04 /* savigsListView.swift */ = {isa = PBXFileReference; lastKnownFileType = sourcecode.swift; path = savigsListView.swift; sourceTree = "<group>"; };
		F2768B382C6B94C600179B04 /* CategoriesManager.swift */ = {isa = PBXFileReference; lastKnownFileType = sourcecode.swift; path = CategoriesManager.swift; sourceTree = "<group>"; };
		F2768B3A2C6B966000179B04 /* CategoriesView.swift */ = {isa = PBXFileReference; lastKnownFileType = sourcecode.swift; path = CategoriesView.swift; sourceTree = "<group>"; };
		F2768B3E2C6F7D4000179B04 /* SearchBarView.swift */ = {isa = PBXFileReference; lastKnownFileType = sourcecode.swift; path = SearchBarView.swift; sourceTree = "<group>"; };
		F2768B402C6F81FE00179B04 /* GoalCellView.swift */ = {isa = PBXFileReference; lastKnownFileType = sourcecode.swift; path = GoalCellView.swift; sourceTree = "<group>"; };
		F2768B422C6F876D00179B04 /* NewGoalView.swift */ = {isa = PBXFileReference; lastKnownFileType = sourcecode.swift; path = NewGoalView.swift; sourceTree = "<group>"; };
		F2768B442C704A5900179B04 /* GoalsListView.swift */ = {isa = PBXFileReference; lastKnownFileType = sourcecode.swift; path = GoalsListView.swift; sourceTree = "<group>"; };
		F2768B462C7051E400179B04 /* GoalsVm.swift */ = {isa = PBXFileReference; lastKnownFileType = sourcecode.swift; path = GoalsVm.swift; sourceTree = "<group>"; };
		F2768B482C70D2E700179B04 /* SavingsVm.swift */ = {isa = PBXFileReference; lastKnownFileType = sourcecode.swift; path = SavingsVm.swift; sourceTree = "<group>"; };
		F2768B4A2C7ACC5400179B04 /* Launch Screen.storyboard */ = {isa = PBXFileReference; lastKnownFileType = file.storyboard; path = "Launch Screen.storyboard"; sourceTree = "<group>"; };
/* End PBXFileReference section */

/* Begin PBXFrameworksBuildPhase section */
		F2768B152C6ADEEE00179B04 /* Frameworks */ = {
			isa = PBXFrameworksBuildPhase;
			buildActionMask = 2147483647;
			files = (
			);
			runOnlyForDeploymentPostprocessing = 0;
		};
/* End PBXFrameworksBuildPhase section */

/* Begin PBXGroup section */
		F2768B0F2C6ADEEE00179B04 = {
			isa = PBXGroup;
			children = (
				F2768B1A2C6ADEEE00179B04 /* PennySaved */,
				F2768B192C6ADEEE00179B04 /* Products */,
			);
			sourceTree = "<group>";
		};
		F2768B192C6ADEEE00179B04 /* Products */ = {
			isa = PBXGroup;
			children = (
				F2768B182C6ADEEE00179B04 /* PennySaved.app */,
			);
			name = Products;
			sourceTree = "<group>";
		};
		F2768B1A2C6ADEEE00179B04 /* PennySaved */ = {
			isa = PBXGroup;
			children = (
				F2768B2F2C6AEEEF00179B04 /* Info.plist */,
				F2768B1B2C6ADEEE00179B04 /* PennySavedApp.swift */,
				F2768B1D2C6ADEEE00179B04 /* Persistence.swift */,
				F2768B222C6ADEEE00179B04 /* ContentView.swift */,
				F2768B462C7051E400179B04 /* GoalsVm.swift */,
				F2768B422C6F876D00179B04 /* NewGoalView.swift */,
				F2768B302C6AEF7700179B04 /* NewSavingView.swift */,
				F2768B442C704A5900179B04 /* GoalsListView.swift */,
				F2768B362C6B875400179B04 /* savigsListView.swift */,
				F2768B402C6F81FE00179B04 /* GoalCellView.swift */,
				F2768B482C70D2E700179B04 /* SavingsVm.swift */,
				F2768B342C6B0A2600179B04 /* CalculatorView.swift */,
				F2768B322C6AF98B00179B04 /* savingTransactionCellView.swift */,
				F2768B3E2C6F7D4000179B04 /* SearchBarView.swift */,
				F2768B242C6ADEEF00179B04 /* Assets.xcassets */,
				F2768B4A2C7ACC5400179B04 /* Launch Screen.storyboard */,
				F2768B262C6ADEEF00179B04 /* PennySaved.entitlements */,
				F2768B1F2C6ADEEE00179B04 /* PennySaved.xcdatamodeld */,
				F2768B382C6B94C600179B04 /* CategoriesManager.swift */,
				F2768B3A2C6B966000179B04 /* CategoriesView.swift */,
				F2768B272C6ADEEF00179B04 /* Preview Content */,
			);
			path = PennySaved;
			sourceTree = "<group>";
		};
		F2768B272C6ADEEF00179B04 /* Preview Content */ = {
			isa = PBXGroup;
			children = (
				F2768B282C6ADEEF00179B04 /* Preview Assets.xcassets */,
			);
			path = "Preview Content";
			sourceTree = "<group>";
		};
/* End PBXGroup section */

/* Begin PBXNativeTarget section */
		F2768B172C6ADEEE00179B04 /* PennySaved */ = {
			isa = PBXNativeTarget;
			buildConfigurationList = F2768B2C2C6ADEEF00179B04 /* Build configuration list for PBXNativeTarget "PennySaved" */;
			buildPhases = (
				F2768B142C6ADEEE00179B04 /* Sources */,
				F2768B152C6ADEEE00179B04 /* Frameworks */,
				F2768B162C6ADEEE00179B04 /* Resources */,
			);
			buildRules = (
			);
			dependencies = (
			);
			name = PennySaved;
			productName = PennySaved;
			productReference = F2768B182C6ADEEE00179B04 /* PennySaved.app */;
			productType = "com.apple.product-type.application";
		};
/* End PBXNativeTarget section */

/* Begin PBXProject section */
		F2768B102C6ADEEE00179B04 /* Project object */ = {
			isa = PBXProject;
			attributes = {
				BuildIndependentTargetsInParallel = 1;
				LastSwiftUpdateCheck = 1540;
				LastUpgradeCheck = 1540;
				TargetAttributes = {
					F2768B172C6ADEEE00179B04 = {
						CreatedOnToolsVersion = 15.4;
					};
				};
			};
			buildConfigurationList = F2768B132C6ADEEE00179B04 /* Build configuration list for PBXProject "PennySaved" */;
			compatibilityVersion = "Xcode 14.0";
			developmentRegion = en;
			hasScannedForEncodings = 0;
			knownRegions = (
				en,
				Base,
			);
			mainGroup = F2768B0F2C6ADEEE00179B04;
			productRefGroup = F2768B192C6ADEEE00179B04 /* Products */;
			projectDirPath = "";
			projectRoot = "";
			targets = (
				F2768B172C6ADEEE00179B04 /* PennySaved */,
			);
		};
/* End PBXProject section */

/* Begin PBXResourcesBuildPhase section */
		F2768B162C6ADEEE00179B04 /* Resources */ = {
			isa = PBXResourcesBuildPhase;
			buildActionMask = 2147483647;
			files = (
				F2768B4B2C7ACC5400179B04 /* Launch Screen.storyboard in Resources */,
				F2768B292C6ADEEF00179B04 /* Preview Assets.xcassets in Resources */,
				F2768B252C6ADEEF00179B04 /* Assets.xcassets in Resources */,
			);
			runOnlyForDeploymentPostprocessing = 0;
		};
/* End PBXResourcesBuildPhase section */

/* Begin PBXSourcesBuildPhase section */
		F2768B142C6ADEEE00179B04 /* Sources */ = {
			isa = PBXSourcesBuildPhase;
			buildActionMask = 2147483647;
			files = (
				F2768B312C6AEF7700179B04 /* NewSavingView.swift in Sources */,
				F2768B352C6B0A2600179B04 /* CalculatorView.swift in Sources */,
				F2768B432C6F876D00179B04 /* NewGoalView.swift in Sources */,
				F2768B472C7051E400179B04 /* GoalsVm.swift in Sources */,
				F2768B392C6B94C600179B04 /* CategoriesManager.swift in Sources */,
				F2768B1C2C6ADEEE00179B04 /* PennySavedApp.swift in Sources */,
				F2768B372C6B875400179B04 /* savigsListView.swift in Sources */,
				F2768B212C6ADEEE00179B04 /* PennySaved.xcdatamodeld in Sources */,
				F2768B492C70D2E700179B04 /* SavingsVm.swift in Sources */,
				F2768B232C6ADEEE00179B04 /* ContentView.swift in Sources */,
				F2768B3F2C6F7D4000179B04 /* SearchBarView.swift in Sources */,
				F2768B1E2C6ADEEE00179B04 /* Persistence.swift in Sources */,
				F2768B3B2C6B966000179B04 /* CategoriesView.swift in Sources */,
				F2768B332C6AF98B00179B04 /* savingTransactionCellView.swift in Sources */,
				F2768B412C6F81FE00179B04 /* GoalCellView.swift in Sources */,
				F2768B452C704A5900179B04 /* GoalsListView.swift in Sources */,
			);
			runOnlyForDeploymentPostprocessing = 0;
		};
/* End PBXSourcesBuildPhase section */

/* Begin XCBuildConfiguration section */
		F2768B2A2C6ADEEF00179B04 /* Debug */ = {
			isa = XCBuildConfiguration;
			buildSettings = {
				ALWAYS_SEARCH_USER_PATHS = NO;
				ASSETCATALOG_COMPILER_GENERATE_SWIFT_ASSET_SYMBOL_EXTENSIONS = YES;
				CLANG_ANALYZER_NONNULL = YES;
				CLANG_ANALYZER_NUMBER_OBJECT_CONVERSION = YES_AGGRESSIVE;
				CLANG_CXX_LANGUAGE_STANDARD = "gnu++20";
				CLANG_ENABLE_MODULES = YES;
				CLANG_ENABLE_OBJC_ARC = YES;
				CLANG_ENABLE_OBJC_WEAK = YES;
				CLANG_WARN_BLOCK_CAPTURE_AUTORELEASING = YES;
				CLANG_WARN_BOOL_CONVERSION = YES;
				CLANG_WARN_COMMA = YES;
				CLANG_WARN_CONSTANT_CONVERSION = YES;
				CLANG_WARN_DEPRECATED_OBJC_IMPLEMENTATIONS = YES;
				CLANG_WARN_DIRECT_OBJC_ISA_USAGE = YES_ERROR;
				CLANG_WARN_DOCUMENTATION_COMMENTS = YES;
				CLANG_WARN_EMPTY_BODY = YES;
				CLANG_WARN_ENUM_CONVERSION = YES;
				CLANG_WARN_INFINITE_RECURSION = YES;
				CLANG_WARN_INT_CONVERSION = YES;
				CLANG_WARN_NON_LITERAL_NULL_CONVERSION = YES;
				CLANG_WARN_OBJC_IMPLICIT_RETAIN_SELF = YES;
				CLANG_WARN_OBJC_LITERAL_CONVERSION = YES;
				CLANG_WARN_OBJC_ROOT_CLASS = YES_ERROR;
				CLANG_WARN_QUOTED_INCLUDE_IN_FRAMEWORK_HEADER = YES;
				CLANG_WARN_RANGE_LOOP_ANALYSIS = YES;
				CLANG_WARN_STRICT_PROTOTYPES = YES;
				CLANG_WARN_SUSPICIOUS_MOVE = YES;
				CLANG_WARN_UNGUARDED_AVAILABILITY = YES_AGGRESSIVE;
				CLANG_WARN_UNREACHABLE_CODE = YES;
				CLANG_WARN__DUPLICATE_METHOD_MATCH = YES;
				COPY_PHASE_STRIP = NO;
				DEBUG_INFORMATION_FORMAT = dwarf;
				ENABLE_STRICT_OBJC_MSGSEND = YES;
				ENABLE_TESTABILITY = YES;
				ENABLE_USER_SCRIPT_SANDBOXING = YES;
				GCC_C_LANGUAGE_STANDARD = gnu17;
				GCC_DYNAMIC_NO_PIC = NO;
				GCC_NO_COMMON_BLOCKS = YES;
				GCC_OPTIMIZATION_LEVEL = 0;
				GCC_PREPROCESSOR_DEFINITIONS = (
					"DEBUG=1",
					"$(inherited)",
				);
				GCC_WARN_64_TO_32_BIT_CONVERSION = YES;
				GCC_WARN_ABOUT_RETURN_TYPE = YES_ERROR;
				GCC_WARN_UNDECLARED_SELECTOR = YES;
				GCC_WARN_UNINITIALIZED_AUTOS = YES_AGGRESSIVE;
				GCC_WARN_UNUSED_FUNCTION = YES;
				GCC_WARN_UNUSED_VARIABLE = YES;
				LOCALIZATION_PREFERS_STRING_CATALOGS = YES;
				MTL_ENABLE_DEBUG_INFO = INCLUDE_SOURCE;
				MTL_FAST_MATH = YES;
				ONLY_ACTIVE_ARCH = YES;
				SWIFT_ACTIVE_COMPILATION_CONDITIONS = "DEBUG $(inherited)";
				SWIFT_OPTIMIZATION_LEVEL = "-Onone";
			};
			name = Debug;
		};
		F2768B2B2C6ADEEF00179B04 /* Release */ = {
			isa = XCBuildConfiguration;
			buildSettings = {
				ALWAYS_SEARCH_USER_PATHS = NO;
				ASSETCATALOG_COMPILER_GENERATE_SWIFT_ASSET_SYMBOL_EXTENSIONS = YES;
				CLANG_ANALYZER_NONNULL = YES;
				CLANG_ANALYZER_NUMBER_OBJECT_CONVERSION = YES_AGGRESSIVE;
				CLANG_CXX_LANGUAGE_STANDARD = "gnu++20";
				CLANG_ENABLE_MODULES = YES;
				CLANG_ENABLE_OBJC_ARC = YES;
				CLANG_ENABLE_OBJC_WEAK = YES;
				CLANG_WARN_BLOCK_CAPTURE_AUTORELEASING = YES;
				CLANG_WARN_BOOL_CONVERSION = YES;
				CLANG_WARN_COMMA = YES;
				CLANG_WARN_CONSTANT_CONVERSION = YES;
				CLANG_WARN_DEPRECATED_OBJC_IMPLEMENTATIONS = YES;
				CLANG_WARN_DIRECT_OBJC_ISA_USAGE = YES_ERROR;
				CLANG_WARN_DOCUMENTATION_COMMENTS = YES;
				CLANG_WARN_EMPTY_BODY = YES;
				CLANG_WARN_ENUM_CONVERSION = YES;
				CLANG_WARN_INFINITE_RECURSION = YES;
				CLANG_WARN_INT_CONVERSION = YES;
				CLANG_WARN_NON_LITERAL_NULL_CONVERSION = YES;
				CLANG_WARN_OBJC_IMPLICIT_RETAIN_SELF = YES;
				CLANG_WARN_OBJC_LITERAL_CONVERSION = YES;
				CLANG_WARN_OBJC_ROOT_CLASS = YES_ERROR;
				CLANG_WARN_QUOTED_INCLUDE_IN_FRAMEWORK_HEADER = YES;
				CLANG_WARN_RANGE_LOOP_ANALYSIS = YES;
				CLANG_WARN_STRICT_PROTOTYPES = YES;
				CLANG_WARN_SUSPICIOUS_MOVE = YES;
				CLANG_WARN_UNGUARDED_AVAILABILITY = YES_AGGRESSIVE;
				CLANG_WARN_UNREACHABLE_CODE = YES;
				CLANG_WARN__DUPLICATE_METHOD_MATCH = YES;
				COPY_PHASE_STRIP = NO;
				DEBUG_INFORMATION_FORMAT = "dwarf-with-dsym";
				ENABLE_NS_ASSERTIONS = NO;
				ENABLE_STRICT_OBJC_MSGSEND = YES;
				ENABLE_USER_SCRIPT_SANDBOXING = YES;
				GCC_C_LANGUAGE_STANDARD = gnu17;
				GCC_NO_COMMON_BLOCKS = YES;
				GCC_WARN_64_TO_32_BIT_CONVERSION = YES;
				GCC_WARN_ABOUT_RETURN_TYPE = YES_ERROR;
				GCC_WARN_UNDECLARED_SELECTOR = YES;
				GCC_WARN_UNINITIALIZED_AUTOS = YES_AGGRESSIVE;
				GCC_WARN_UNUSED_FUNCTION = YES;
				GCC_WARN_UNUSED_VARIABLE = YES;
				LOCALIZATION_PREFERS_STRING_CATALOGS = YES;
				MTL_ENABLE_DEBUG_INFO = NO;
				MTL_FAST_MATH = YES;
				SWIFT_COMPILATION_MODE = wholemodule;
			};
			name = Release;
		};
		F2768B2D2C6ADEEF00179B04 /* Debug */ = {
			isa = XCBuildConfiguration;
			buildSettings = {
				ASSETCATALOG_COMPILER_APPICON_NAME = AppIcon;
				ASSETCATALOG_COMPILER_GLOBAL_ACCENT_COLOR_NAME = AccentColor;
				CODE_SIGN_ENTITLEMENTS = PennySaved/PennySaved.entitlements;
				CODE_SIGN_STYLE = Automatic;
				CURRENT_PROJECT_VERSION = 1;
				DEVELOPMENT_ASSET_PATHS = "\"PennySaved/Preview Content\"";
				DEVELOPMENT_TEAM = 8SB327NDUL;
				ENABLE_HARDENED_RUNTIME = YES;
				ENABLE_PREVIEWS = YES;
				GENERATE_INFOPLIST_FILE = YES;
				INFOPLIST_FILE = PennySaved/Info.plist;
				INFOPLIST_KEY_CFBundleDisplayName = ThinkTwiceSave;
				INFOPLIST_KEY_LSApplicationCategoryType = "public.app-category.finance";
				"INFOPLIST_KEY_UIApplicationSceneManifest_Generation[sdk=iphoneos*]" = YES;
				"INFOPLIST_KEY_UIApplicationSceneManifest_Generation[sdk=iphonesimulator*]" = YES;
				"INFOPLIST_KEY_UIApplicationSupportsIndirectInputEvents[sdk=iphoneos*]" = YES;
				"INFOPLIST_KEY_UIApplicationSupportsIndirectInputEvents[sdk=iphonesimulator*]" = YES;
				"INFOPLIST_KEY_UILaunchScreen_Generation[sdk=iphoneos*]" = YES;
				"INFOPLIST_KEY_UILaunchScreen_Generation[sdk=iphonesimulator*]" = YES;
				INFOPLIST_KEY_UILaunchStoryboardName = "Launch Screen.storyboard";
				"INFOPLIST_KEY_UIStatusBarStyle[sdk=iphoneos*]" = UIStatusBarStyleDefault;
				"INFOPLIST_KEY_UIStatusBarStyle[sdk=iphonesimulator*]" = UIStatusBarStyleDefault;
				INFOPLIST_KEY_UISupportedInterfaceOrientations = UIInterfaceOrientationPortrait;
				IPHONEOS_DEPLOYMENT_TARGET = 17.5;
				LD_RUNPATH_SEARCH_PATHS = "@executable_path/Frameworks";
				"LD_RUNPATH_SEARCH_PATHS[sdk=macosx*]" = "@executable_path/../Frameworks";
				MACOSX_DEPLOYMENT_TARGET = 14.5;
				MARKETING_VERSION = 1.0;
				PRODUCT_BUNDLE_IDENTIFIER = com.victorshp.PennySaved;
				PRODUCT_NAME = "$(TARGET_NAME)";
				SDKROOT = auto;
				SUPPORTED_PLATFORMS = "iphoneos iphonesimulator";
				SUPPORTS_MACCATALYST = NO;
				SUPPORTS_MAC_DESIGNED_FOR_IPHONE_IPAD = YES;
				SWIFT_EMIT_LOC_STRINGS = YES;
				SWIFT_VERSION = 5.0;
				TARGETED_DEVICE_FAMILY = "1,2";
			};
			name = Debug;
		};
		F2768B2E2C6ADEEF00179B04 /* Release */ = {
			isa = XCBuildConfiguration;
			buildSettings = {
				ASSETCATALOG_COMPILER_APPICON_NAME = AppIcon;
				ASSETCATALOG_COMPILER_GLOBAL_ACCENT_COLOR_NAME = AccentColor;
				CODE_SIGN_ENTITLEMENTS = PennySaved/PennySaved.entitlements;
				CODE_SIGN_STYLE = Automatic;
				CURRENT_PROJECT_VERSION = 1;
				DEVELOPMENT_ASSET_PATHS = "\"PennySaved/Preview Content\"";
				DEVELOPMENT_TEAM = 8SB327NDUL;
				ENABLE_HARDENED_RUNTIME = YES;
				ENABLE_PREVIEWS = YES;
				GENERATE_INFOPLIST_FILE = YES;
				INFOPLIST_FILE = PennySaved/Info.plist;
				INFOPLIST_KEY_CFBundleDisplayName = ThinkTwiceSave;
				INFOPLIST_KEY_LSApplicationCategoryType = "public.app-category.finance";
				"INFOPLIST_KEY_UIApplicationSceneManifest_Generation[sdk=iphoneos*]" = YES;
				"INFOPLIST_KEY_UIApplicationSceneManifest_Generation[sdk=iphonesimulator*]" = YES;
				"INFOPLIST_KEY_UIApplicationSupportsIndirectInputEvents[sdk=iphoneos*]" = YES;
				"INFOPLIST_KEY_UIApplicationSupportsIndirectInputEvents[sdk=iphonesimulator*]" = YES;
				"INFOPLIST_KEY_UILaunchScreen_Generation[sdk=iphoneos*]" = YES;
				"INFOPLIST_KEY_UILaunchScreen_Generation[sdk=iphonesimulator*]" = YES;
				INFOPLIST_KEY_UILaunchStoryboardName = "Launch Screen.storyboard";
				"INFOPLIST_KEY_UIStatusBarStyle[sdk=iphoneos*]" = UIStatusBarStyleDefault;
				"INFOPLIST_KEY_UIStatusBarStyle[sdk=iphonesimulator*]" = UIStatusBarStyleDefault;
				INFOPLIST_KEY_UISupportedInterfaceOrientations = UIInterfaceOrientationPortrait;
				IPHONEOS_DEPLOYMENT_TARGET = 17.5;
				LD_RUNPATH_SEARCH_PATHS = "@executable_path/Frameworks";
				"LD_RUNPATH_SEARCH_PATHS[sdk=macosx*]" = "@executable_path/../Frameworks";
				MACOSX_DEPLOYMENT_TARGET = 14.5;
				MARKETING_VERSION = 1.0;
				PRODUCT_BUNDLE_IDENTIFIER = com.victorshp.PennySaved;
				PRODUCT_NAME = "$(TARGET_NAME)";
				SDKROOT = auto;
				SUPPORTED_PLATFORMS = "iphoneos iphonesimulator";
				SUPPORTS_MACCATALYST = NO;
				SUPPORTS_MAC_DESIGNED_FOR_IPHONE_IPAD = YES;
				SWIFT_EMIT_LOC_STRINGS = YES;
				SWIFT_VERSION = 5.0;
				TARGETED_DEVICE_FAMILY = "1,2";
			};
			name = Release;
		};
/* End XCBuildConfiguration section */

/* Begin XCConfigurationList section */
		F2768B132C6ADEEE00179B04 /* Build configuration list for PBXProject "PennySaved" */ = {
			isa = XCConfigurationList;
			buildConfigurations = (
				F2768B2A2C6ADEEF00179B04 /* Debug */,
				F2768B2B2C6ADEEF00179B04 /* Release */,
			);
			defaultConfigurationIsVisible = 0;
			defaultConfigurationName = Release;
		};
		F2768B2C2C6ADEEF00179B04 /* Build configuration list for PBXNativeTarget "PennySaved" */ = {
			isa = XCConfigurationList;
			buildConfigurations = (
				F2768B2D2C6ADEEF00179B04 /* Debug */,
				F2768B2E2C6ADEEF00179B04 /* Release */,
			);
			defaultConfigurationIsVisible = 0;
			defaultConfigurationName = Release;
		};
/* End XCConfigurationList section */

/* Begin XCVersionGroup section */
		F2768B1F2C6ADEEE00179B04 /* PennySaved.xcdatamodeld */ = {
			isa = XCVersionGroup;
			children = (
				F2768B202C6ADEEE00179B04 /* PennySaved.xcdatamodel */,
			);
			currentVersion = F2768B202C6ADEEE00179B04 /* PennySaved.xcdatamodel */;
			path = PennySaved.xcdatamodeld;
			sourceTree = "<group>";
			versionGroupType = wrapper.xcdatamodel;
		};
/* End XCVersionGroup section */
	};
	rootObject = F2768B102C6ADEEE00179B04 /* Project object */;
}
